
Microsoft Visual Studio Solution File, Format Version 12.00
# Visual Studio 15
VisualStudioVersion = 15.0.27130.2027
MinimumVisualStudioVersion = 10.0.40219.1
Project("{9A19103F-16F7-4668-BE54-9A1E7A4F7556}") = "1_DebitCardNumber", "1_Greeting\1_DebitCardNumber.csproj", "{5E6D55E6-A3B6-4BCF-AC3D-5F0817F769DD}"
EndProject
Project("{FAE04EC0-301F-11D3-BF4B-00C04F79EFBC}") = "2_RectangleArea", "2_RectangleArea\2_RectangleArea.csproj", "{EAF33024-D146-4B05-BEBD-E5FD118ABD82}"
EndProject
Project("{FAE04EC0-301F-11D3-BF4B-00C04F79EFBC}") = "3_MilesToKilometers", "MilesToKilometers\3_MilesToKilometers.csproj", "{009D780F-625E-4E1F-A302-1242916F2867}"
EndProject
Project("{FAE04EC0-301F-11D3-BF4B-00C04F79EFBC}") = "4_BeverageLabels", "4_BeverageLabels\4_BeverageLabels.csproj", "{19CD0D8D-0A2B-4F85-9EE6-839D60099AA9}"
EndProject
Project("{FAE04EC0-301F-11D3-BF4B-00C04F79EFBC}") = "5_CharacterStats", "5_CharacterStats\5_CharacterStats.csproj", "{CDD49E2A-F018-4DCD-9986-EC4F704002D9}"
EndProject
Global
	GlobalSection(SolutionConfigurationPlatforms) = preSolution
		Debug|Any CPU = Debug|Any CPU
		Release|Any CPU = Release|Any CPU
	EndGlobalSection
	GlobalSection(ProjectConfigurationPlatforms) = postSolution
		{5E6D55E6-A3B6-4BCF-AC3D-5F0817F769DD}.Debug|Any CPU.ActiveCfg = Debug|Any CPU
		{5E6D55E6-A3B6-4BCF-AC3D-5F0817F769DD}.Debug|Any CPU.Build.0 = Debug|Any CPU
		{5E6D55E6-A3B6-4BCF-AC3D-5F0817F769DD}.Release|Any CPU.ActiveCfg = Release|Any CPU
		{5E6D55E6-A3B6-4BCF-AC3D-5F0817F769DD}.Release|Any CPU.Build.0 = Release|Any CPU
		{EAF33024-D146-4B05-BEBD-E5FD118ABD82}.Debug|Any CPU.ActiveCfg = Debug|Any CPU
		{EAF33024-D146-4B05-BEBD-E5FD118ABD82}.Debug|Any CPU.Build.0 = Debug|Any CPU
		{EAF33024-D146-4B05-BEBD-E5FD118ABD82}.Release|Any CPU.ActiveCfg = Release|Any CPU
		{EAF33024-D146-4B05-BEBD-E5FD118ABD82}.Release|Any CPU.Build.0 = Release|Any CPU
		{009D780F-625E-4E1F-A302-1242916F2867}.Debug|Any CPU.ActiveCfg = Debug|Any CPU
		{009D780F-625E-4E1F-A302-1242916F2867}.Debug|Any CPU.Build.0 = Debug|Any CPU
		{009D780F-625E-4E1F-A302-1242916F2867}.Release|Any CPU.ActiveCfg = Release|Any CPU
		{009D780F-625E-4E1F-A302-1242916F2867}.Release|Any CPU.Build.0 = Release|Any CPU
		{19CD0D8D-0A2B-4F85-9EE6-839D60099AA9}.Debug|Any CPU.ActiveCfg = Debug|Any CPU
		{19CD0D8D-0A2B-4F85-9EE6-839D60099AA9}.Debug|Any CPU.Build.0 = Debug|Any CPU
		{19CD0D8D-0A2B-4F85-9EE6-839D60099AA9}.Release|Any CPU.ActiveCfg = Release|Any CPU
		{19CD0D8D-0A2B-4F85-9EE6-839D60099AA9}.Release|Any CPU.Build.0 = Release|Any CPU
		{CDD49E2A-F018-4DCD-9986-EC4F704002D9}.Debug|Any CPU.ActiveCfg = Debug|Any CPU
		{CDD49E2A-F018-4DCD-9986-EC4F704002D9}.Debug|Any CPU.Build.0 = Debug|Any CPU
		{CDD49E2A-F018-4DCD-9986-EC4F704002D9}.Release|Any CPU.ActiveCfg = Release|Any CPU
		{CDD49E2A-F018-4DCD-9986-EC4F704002D9}.Release|Any CPU.Build.0 = Release|Any CPU
	EndGlobalSection
	GlobalSection(SolutionProperties) = preSolution
		HideSolutionNode = FALSE
	EndGlobalSection
	GlobalSection(ExtensibilityGlobals) = postSolution
		SolutionGuid = {2ACC2072-7C71-4F69-A3C0-996551201ED5}
	EndGlobalSection
EndGlobal
