
Microsoft Visual Studio Solution File, Format Version 12.00
# Visual Studio 15
VisualStudioVersion = 15.0.27703.2018
MinimumVisualStudioVersion = 10.0.40219.1
Project("{9A19103F-16F7-4668-BE54-9A1E7A4F7556}") = "01_CountWorkingDays", "01_CountWorkingDays\01_CountWorkingDays.csproj", "{7B7EA82D-57F8-4D7D-A9CA-70A6DB75BFE9}"
EndProject
Project("{9A19103F-16F7-4668-BE54-9A1E7A4F7556}") = "02_AdvertisementMessage", "02_AdvertisementMessage\02_AdvertisementMessage.csproj", "{DE88BF22-9D12-484F-AD5F-92F08CB95803}"
EndProject
Project("{9A19103F-16F7-4668-BE54-9A1E7A4F7556}") = "03_CirclesIntersection", "ConsoleApp1\03_CirclesIntersection.csproj", "{C078E30C-DB51-4EE0-B947-AB8862BB9005}"
EndProject
Project("{9A19103F-16F7-4668-BE54-9A1E7A4F7556}") = "04_AverageGrades", "..\TempleteSolution\04_Problem\04_AverageGrades.csproj", "{661013F1-E8B1-4648-AC3A-BF265F40C62A}"
EndProject
Project("{9A19103F-16F7-4668-BE54-9A1E7A4F7556}") = "05_BookLibrary", "05_BookLibrary\05_BookLibrary.csproj", "{29FE8F68-ED01-48C2-BC80-F72BFED52DA4}"
EndProject
Project("{9A19103F-16F7-4668-BE54-9A1E7A4F7556}") = "06_BookLibraryModification", "06_BookLibraryModification\06_BookLibraryModification.csproj", "{A761EEDA-3C06-402C-8619-24D10F9B2878}"
EndProject
Project("{9A19103F-16F7-4668-BE54-9A1E7A4F7556}") = "07_AndreyAndBilliard", "ConsoleApp2\07_AndreyAndBilliard.csproj", "{BC6E2CCC-BC0D-4BBE-9034-724BEBB17818}"
EndProject
Project("{9A19103F-16F7-4668-BE54-9A1E7A4F7556}") = "08_MentorGroup", "08_MentorGroup\08_MentorGroup.csproj", "{5072669F-CF86-4724-929C-46CAECFA8C02}"
EndProject
Project("{9A19103F-16F7-4668-BE54-9A1E7A4F7556}") = "09_TeamworkProjects", "09_TeamworkProjects\09_TeamworkProjects.csproj", "{FB563F29-BE6F-4399-A846-CA0A87796B15}"
EndProject
Project("{FAE04EC0-301F-11D3-BF4B-00C04F79EFBC}") = "10_StudentGroups", "10_StudentGroups\10_StudentGroups.csproj", "{65D5234C-A799-4C3B-BCB2-1F6AA8DC5279}"
EndProject
Global
	GlobalSection(SolutionConfigurationPlatforms) = preSolution
		Debug|Any CPU = Debug|Any CPU
		Release|Any CPU = Release|Any CPU
	EndGlobalSection
	GlobalSection(ProjectConfigurationPlatforms) = postSolution
		{7B7EA82D-57F8-4D7D-A9CA-70A6DB75BFE9}.Debug|Any CPU.ActiveCfg = Debug|Any CPU
		{7B7EA82D-57F8-4D7D-A9CA-70A6DB75BFE9}.Debug|Any CPU.Build.0 = Debug|Any CPU
		{7B7EA82D-57F8-4D7D-A9CA-70A6DB75BFE9}.Release|Any CPU.ActiveCfg = Release|Any CPU
		{7B7EA82D-57F8-4D7D-A9CA-70A6DB75BFE9}.Release|Any CPU.Build.0 = Release|Any CPU
		{DE88BF22-9D12-484F-AD5F-92F08CB95803}.Debug|Any CPU.ActiveCfg = Debug|Any CPU
		{DE88BF22-9D12-484F-AD5F-92F08CB95803}.Debug|Any CPU.Build.0 = Debug|Any CPU
		{DE88BF22-9D12-484F-AD5F-92F08CB95803}.Release|Any CPU.ActiveCfg = Release|Any CPU
		{DE88BF22-9D12-484F-AD5F-92F08CB95803}.Release|Any CPU.Build.0 = Release|Any CPU
		{C078E30C-DB51-4EE0-B947-AB8862BB9005}.Debug|Any CPU.ActiveCfg = Debug|Any CPU
		{C078E30C-DB51-4EE0-B947-AB8862BB9005}.Debug|Any CPU.Build.0 = Debug|Any CPU
		{C078E30C-DB51-4EE0-B947-AB8862BB9005}.Release|Any CPU.ActiveCfg = Release|Any CPU
		{C078E30C-DB51-4EE0-B947-AB8862BB9005}.Release|Any CPU.Build.0 = Release|Any CPU
		{661013F1-E8B1-4648-AC3A-BF265F40C62A}.Debug|Any CPU.ActiveCfg = Debug|Any CPU
		{661013F1-E8B1-4648-AC3A-BF265F40C62A}.Debug|Any CPU.Build.0 = Debug|Any CPU
		{661013F1-E8B1-4648-AC3A-BF265F40C62A}.Release|Any CPU.ActiveCfg = Release|Any CPU
		{661013F1-E8B1-4648-AC3A-BF265F40C62A}.Release|Any CPU.Build.0 = Release|Any CPU
		{29FE8F68-ED01-48C2-BC80-F72BFED52DA4}.Debug|Any CPU.ActiveCfg = Debug|Any CPU
		{29FE8F68-ED01-48C2-BC80-F72BFED52DA4}.Debug|Any CPU.Build.0 = Debug|Any CPU
		{29FE8F68-ED01-48C2-BC80-F72BFED52DA4}.Release|Any CPU.ActiveCfg = Release|Any CPU
		{29FE8F68-ED01-48C2-BC80-F72BFED52DA4}.Release|Any CPU.Build.0 = Release|Any CPU
		{A761EEDA-3C06-402C-8619-24D10F9B2878}.Debug|Any CPU.ActiveCfg = Debug|Any CPU
		{A761EEDA-3C06-402C-8619-24D10F9B2878}.Debug|Any CPU.Build.0 = Debug|Any CPU
		{A761EEDA-3C06-402C-8619-24D10F9B2878}.Release|Any CPU.ActiveCfg = Release|Any CPU
		{A761EEDA-3C06-402C-8619-24D10F9B2878}.Release|Any CPU.Build.0 = Release|Any CPU
		{BC6E2CCC-BC0D-4BBE-9034-724BEBB17818}.Debug|Any CPU.ActiveCfg = Debug|Any CPU
		{BC6E2CCC-BC0D-4BBE-9034-724BEBB17818}.Debug|Any CPU.Build.0 = Debug|Any CPU
		{BC6E2CCC-BC0D-4BBE-9034-724BEBB17818}.Release|Any CPU.ActiveCfg = Release|Any CPU
		{BC6E2CCC-BC0D-4BBE-9034-724BEBB17818}.Release|Any CPU.Build.0 = Release|Any CPU
		{5072669F-CF86-4724-929C-46CAECFA8C02}.Debug|Any CPU.ActiveCfg = Debug|Any CPU
		{5072669F-CF86-4724-929C-46CAECFA8C02}.Debug|Any CPU.Build.0 = Debug|Any CPU
		{5072669F-CF86-4724-929C-46CAECFA8C02}.Release|Any CPU.ActiveCfg = Release|Any CPU
		{5072669F-CF86-4724-929C-46CAECFA8C02}.Release|Any CPU.Build.0 = Release|Any CPU
		{FB563F29-BE6F-4399-A846-CA0A87796B15}.Debug|Any CPU.ActiveCfg = Debug|Any CPU
		{FB563F29-BE6F-4399-A846-CA0A87796B15}.Debug|Any CPU.Build.0 = Debug|Any CPU
		{FB563F29-BE6F-4399-A846-CA0A87796B15}.Release|Any CPU.ActiveCfg = Release|Any CPU
		{FB563F29-BE6F-4399-A846-CA0A87796B15}.Release|Any CPU.Build.0 = Release|Any CPU
		{65D5234C-A799-4C3B-BCB2-1F6AA8DC5279}.Debug|Any CPU.ActiveCfg = Debug|Any CPU
		{65D5234C-A799-4C3B-BCB2-1F6AA8DC5279}.Debug|Any CPU.Build.0 = Debug|Any CPU
		{65D5234C-A799-4C3B-BCB2-1F6AA8DC5279}.Release|Any CPU.ActiveCfg = Release|Any CPU
		{65D5234C-A799-4C3B-BCB2-1F6AA8DC5279}.Release|Any CPU.Build.0 = Release|Any CPU
	EndGlobalSection
	GlobalSection(SolutionProperties) = preSolution
		HideSolutionNode = FALSE
	EndGlobalSection
	GlobalSection(ExtensibilityGlobals) = postSolution
		SolutionGuid = {1869BC84-2BAA-45D0-B1B4-AC88B7E184D7}
	EndGlobalSection
EndGlobal
